// !$*UTF8*$!
{
	archiveVersion = 1;
	classes = {
	};
	objectVersion = 50;
	objects = {

/* Begin PBXBuildFile section */
		A1EF1139231E6FBF00908FC5 /* AppDelegate.swift in Sources */ = {isa = PBXBuildFile; fileRef = A1EF1138231E6FBF00908FC5 /* AppDelegate.swift */; };
		A1EF113B231E6FBF00908FC5 /* SceneDelegate.swift in Sources */ = {isa = PBXBuildFile; fileRef = A1EF113A231E6FBF00908FC5 /* SceneDelegate.swift */; };
		A1EF113D231E6FBF00908FC5 /* ContentView.swift in Sources */ = {isa = PBXBuildFile; fileRef = A1EF113C231E6FBF00908FC5 /* ContentView.swift */; };
		A1EF113F231E6FC300908FC5 /* Assets.xcassets in Resources */ = {isa = PBXBuildFile; fileRef = A1EF113E231E6FC300908FC5 /* Assets.xcassets */; };
		A1EF1142231E6FC300908FC5 /* Preview Assets.xcassets in Resources */ = {isa = PBXBuildFile; fileRef = A1EF1141231E6FC300908FC5 /* Preview Assets.xcassets */; };
		A1EF1145231E6FC300908FC5 /* LaunchScreen.storyboard in Resources */ = {isa = PBXBuildFile; fileRef = A1EF1143231E6FC300908FC5 /* LaunchScreen.storyboard */; };
/* End PBXBuildFile section */

/* Begin PBXFileReference section */
		A1EF1135231E6FBF00908FC5 /* SwiftUIViewTextStack.app */ = {isa = PBXFileReference; explicitFileType = wrapper.application; includeInIndex = 0; path = SwiftUIViewTextStack.app; sourceTree = BUILT_PRODUCTS_DIR; };
		A1EF1138231E6FBF00908FC5 /* AppDelegate.swift */ = {isa = PBXFileReference; lastKnownFileType = sourcecode.swift; path = AppDelegate.swift; sourceTree = "<group>"; };
		A1EF113A231E6FBF00908FC5 /* SceneDelegate.swift */ = {isa = PBXFileReference; lastKnownFileType = sourcecode.swift; path = SceneDelegate.swift; sourceTree = "<group>"; };
		A1EF113C231E6FBF00908FC5 /* ContentView.swift */ = {isa = PBXFileReference; lastKnownFileType = sourcecode.swift; path = ContentView.swift; sourceTree = "<group>"; };
		A1EF113E231E6FC300908FC5 /* Assets.xcassets */ = {isa = PBXFileReference; lastKnownFileType = folder.assetcatalog; path = Assets.xcassets; sourceTree = "<group>"; };
		A1EF1141231E6FC300908FC5 /* Preview Assets.xcassets */ = {isa = PBXFileReference; lastKnownFileType = folder.assetcatalog; path = "Preview Assets.xcassets"; sourceTree = "<group>"; };
		A1EF1144231E6FC300908FC5 /* Base */ = {isa = PBXFileReference; lastKnownFileType = file.storyboard; name = Base; path = Base.lproj/LaunchScreen.storyboard; sourceTree = "<group>"; };
		A1EF1146231E6FC300908FC5 /* Info.plist */ = {isa = PBXFileReference; lastKnownFileType = text.plist.xml; path = Info.plist; sourceTree = "<group>"; };
/* End PBXFileReference section */

/* Begin PBXFrameworksBuildPhase section */
		A1EF1132231E6FBF00908FC5 /* Frameworks */ = {
			isa = PBXFrameworksBuildPhase;
			buildActionMask = 2147483647;
			files = (
			);
			runOnlyForDeploymentPostprocessing = 0;
		};
/* End PBXFrameworksBuildPhase section */

/* Begin PBXGroup section */
		A1EF112C231E6FBF00908FC5 = {
			isa = PBXGroup;
			children = (
				A1EF1137231E6FBF00908FC5 /* SwiftUIViewTextStack */,
				A1EF1136231E6FBF00908FC5 /* Products */,
			);
			sourceTree = "<group>";
		};
		A1EF1136231E6FBF00908FC5 /* Products */ = {
			isa = PBXGroup;
			children = (
				A1EF1135231E6FBF00908FC5 /* SwiftUIViewTextStack.app */,
			);
			name = Products;
			sourceTree = "<group>";
		};
		A1EF1137231E6FBF00908FC5 /* SwiftUIViewTextStack */ = {
			isa = PBXGroup;
			children = (
				A1EF1138231E6FBF00908FC5 /* AppDelegate.swift */,
				A1EF113A231E6FBF00908FC5 /* SceneDelegate.swift */,
				A1EF113C231E6FBF00908FC5 /* ContentView.swift */,
				A1EF113E231E6FC300908FC5 /* Assets.xcassets */,
				A1EF1143231E6FC300908FC5 /* LaunchScreen.storyboard */,
				A1EF1146231E6FC300908FC5 /* Info.plist */,
				A1EF1140231E6FC300908FC5 /* Preview Content */,
			);
			path = SwiftUIViewTextStack;
			sourceTree = "<group>";
		};
		A1EF1140231E6FC300908FC5 /* Preview Content */ = {
			isa = PBXGroup;
			children = (
				A1EF1141231E6FC300908FC5 /* Preview Assets.xcassets */,
			);
			path = "Preview Content";
			sourceTree = "<group>";
		};
/* End PBXGroup section */

/* Begin PBXNativeTarget section */
		A1EF1134231E6FBF00908FC5 /* SwiftUIViewTextStack */ = {
			isa = PBXNativeTarget;
			buildConfigurationList = A1EF1149231E6FC300908FC5 /* Build configuration list for PBXNativeTarget "SwiftUIViewTextStack" */;
			buildPhases = (
				A1EF1131231E6FBF00908FC5 /* Sources */,
				A1EF1132231E6FBF00908FC5 /* Frameworks */,
				A1EF1133231E6FBF00908FC5 /* Resources */,
			);
			buildRules = (
			);
			dependencies = (
			);
			name = SwiftUIViewTextStack;
			productName = SwiftUIViewTextStack;
			productReference = A1EF1135231E6FBF00908FC5 /* SwiftUIViewTextStack.app */;
			productType = "com.apple.product-type.application";
		};
/* End PBXNativeTarget section */

/* Begin PBXProject section */
		A1EF112D231E6FBF00908FC5 /* Project object */ = {
			isa = PBXProject;
			attributes = {
				LastSwiftUpdateCheck = 1100;
				LastUpgradeCheck = 1100;
				ORGANIZATIONNAME = Rebeloper;
				TargetAttributes = {
					A1EF1134231E6FBF00908FC5 = {
						CreatedOnToolsVersion = 11.0;
					};
				};
			};
			buildConfigurationList = A1EF1130231E6FBF00908FC5 /* Build configuration list for PBXProject "SwiftUIViewTextStack" */;
			compatibilityVersion = "Xcode 9.3";
			developmentRegion = en;
			hasScannedForEncodings = 0;
			knownRegions = (
				en,
				Base,
			);
			mainGroup = A1EF112C231E6FBF00908FC5;
			productRefGroup = A1EF1136231E6FBF00908FC5 /* Products */;
			projectDirPath = "";
			projectRoot = "";
			targets = (
				A1EF1134231E6FBF00908FC5 /* SwiftUIViewTextStack */,
			);
		};
/* End PBXProject section */

/* Begin PBXResourcesBuildPhase section */
		A1EF1133231E6FBF00908FC5 /* Resources */ = {
			isa = PBXResourcesBuildPhase;
			buildActionMask = 2147483647;
			files = (
				A1EF1145231E6FC300908FC5 /* LaunchScreen.storyboard in Resources */,
				A1EF1142231E6FC300908FC5 /* Preview Assets.xcassets in Resources */,
				A1EF113F231E6FC300908FC5 /* Assets.xcassets in Resources */,
			);
			runOnlyForDeploymentPostprocessing = 0;
		};
/* End PBXResourcesBuildPhase section */

/* Begin PBXSourcesBuildPhase section */
		A1EF1131231E6FBF00908FC5 /* Sources */ = {
			isa = PBXSourcesBuildPhase;
			buildActionMask = 2147483647;
			files = (
				A1EF1139231E6FBF00908FC5 /* AppDelegate.swift in Sources */,
				A1EF113B231E6FBF00908FC5 /* SceneDelegate.swift in Sources */,
				A1EF113D231E6FBF00908FC5 /* ContentView.swift in Sources */,
			);
			runOnlyForDeploymentPostprocessing = 0;
		};
/* End PBXSourcesBuildPhase section */

/* Begin PBXVariantGroup section */
		A1EF1143231E6FC300908FC5 /* LaunchScreen.storyboard */ = {
			isa = PBXVariantGroup;
			children = (
				A1EF1144231E6FC300908FC5 /* Base */,
			);
			name = LaunchScreen.storyboard;
			sourceTree = "<group>";
		};
/* End PBXVariantGroup section */

/* Begin XCBuildConfiguration section */
		A1EF1147231E6FC300908FC5 /* Debug */ = {
			isa = XCBuildConfiguration;
			buildSettings = {
				ALWAYS_SEARCH_USER_PATHS = NO;
				CLANG_ANALYZER_NONNULL = YES;
				CLANG_ANALYZER_NUMBER_OBJECT_CONVERSION = YES_AGGRESSIVE;
				CLANG_CXX_LANGUAGE_STANDARD = "gnu++14";
				CLANG_CXX_LIBRARY = "libc++";
				CLANG_ENABLE_MODULES = YES;
				CLANG_ENABLE_OBJC_ARC = YES;
				CLANG_ENABLE_OBJC_WEAK = YES;
				CLANG_WARN_BLOCK_CAPTURE_AUTORELEASING = YES;
				CLANG_WARN_BOOL_CONVERSION = YES;
				CLANG_WARN_COMMA = YES;
				CLANG_WARN_CONSTANT_CONVERSION = YES;
				CLANG_WARN_DEPRECATED_OBJC_IMPLEMENTATIONS = YES;
				CLANG_WARN_DIRECT_OBJC_ISA_USAGE = YES_ERROR;
				CLANG_WARN_DOCUMENTATION_COMMENTS = YES;
				CLANG_WARN_EMPTY_BODY = YES;
				CLANG_WARN_ENUM_CONVERSION = YES;
				CLANG_WARN_INFINITE_RECURSION = YES;
				CLANG_WARN_INT_CONVERSION = YES;
				CLANG_WARN_NON_LITERAL_NULL_CONVERSION = YES;
				CLANG_WARN_OBJC_IMPLICIT_RETAIN_SELF = YES;
				CLANG_WARN_OBJC_LITERAL_CONVERSION = YES;
				CLANG_WARN_OBJC_ROOT_CLASS = YES_ERROR;
				CLANG_WARN_RANGE_LOOP_ANALYSIS = YES;
				CLANG_WARN_STRICT_PROTOTYPES = YES;
				CLANG_WARN_SUSPICIOUS_MOVE = YES;
				CLANG_WARN_UNGUARDED_AVAILABILITY = YES_AGGRESSIVE;
				CLANG_WARN_UNREACHABLE_CODE = YES;
				CLANG_WARN__DUPLICATE_METHOD_MATCH = YES;
				COPY_PHASE_STRIP = NO;
				DEBUG_INFORMATION_FORMAT = dwarf;
				ENABLE_STRICT_OBJC_MSGSEND = YES;
				ENABLE_TESTABILITY = YES;
				GCC_C_LANGUAGE_STANDARD = gnu11;
				GCC_DYNAMIC_NO_PIC = NO;
				GCC_NO_COMMON_BLOCKS = YES;
				GCC_OPTIMIZATION_LEVEL = 0;
				GCC_PREPROCESSOR_DEFINITIONS = (
					"DEBUG=1",
					"$(inherited)",
				);
				GCC_WARN_64_TO_32_BIT_CONVERSION = YES;
				GCC_WARN_ABOUT_RETURN_TYPE = YES_ERROR;
				GCC_WARN_UNDECLARED_SELECTOR = YES;
				GCC_WARN_UNINITIALIZED_AUTOS = YES_AGGRESSIVE;
				GCC_WARN_UNUSED_FUNCTION = YES;
				GCC_WARN_UNUSED_VARIABLE = YES;
				IPHONEOS_DEPLOYMENT_TARGET = 13.0;
				MTL_ENABLE_DEBUG_INFO = INCLUDE_SOURCE;
				MTL_FAST_MATH = YES;
				ONLY_ACTIVE_ARCH = YES;
				SDKROOT = iphoneos;
				SWIFT_ACTIVE_COMPILATION_CONDITIONS = DEBUG;
				SWIFT_OPTIMIZATION_LEVEL = "-Onone";
			};
			name = Debug;
		};
		A1EF1148231E6FC300908FC5 /* Release */ = {
			isa = XCBuildConfiguration;
			buildSettings = {
				ALWAYS_SEARCH_USER_PATHS = NO;
				CLANG_ANALYZER_NONNULL = YES;
				CLANG_ANALYZER_NUMBER_OBJECT_CONVERSION = YES_AGGRESSIVE;
				CLANG_CXX_LANGUAGE_STANDARD = "gnu++14";
				CLANG_CXX_LIBRARY = "libc++";
				CLANG_ENABLE_MODULES = YES;
				CLANG_ENABLE_OBJC_ARC = YES;
				CLANG_ENABLE_OBJC_WEAK = YES;
				CLANG_WARN_BLOCK_CAPTURE_AUTORELEASING = YES;
				CLANG_WARN_BOOL_CONVERSION = YES;
				CLANG_WARN_COMMA = YES;
				CLANG_WARN_CONSTANT_CONVERSION = YES;
				CLANG_WARN_DEPRECATED_OBJC_IMPLEMENTATIONS = YES;
				CLANG_WARN_DIRECT_OBJC_ISA_USAGE = YES_ERROR;
				CLANG_WARN_DOCUMENTATION_COMMENTS = YES;
				CLANG_WARN_EMPTY_BODY = YES;
				CLANG_WARN_ENUM_CONVERSION = YES;
				CLANG_WARN_INFINITE_RECURSION = YES;
				CLANG_WARN_INT_CONVERSION = YES;
				CLANG_WARN_NON_LITERAL_NULL_CONVERSION = YES;
				CLANG_WARN_OBJC_IMPLICIT_RETAIN_SELF = YES;
				CLANG_WARN_OBJC_LITERAL_CONVERSION = YES;
				CLANG_WARN_OBJC_ROOT_CLASS = YES_ERROR;
				CLANG_WARN_RANGE_LOOP_ANALYSIS = YES;
				CLANG_WARN_STRICT_PROTOTYPES = YES;
				CLANG_WARN_SUSPICIOUS_MOVE = YES;
				CLANG_WARN_UNGUARDED_AVAILABILITY = YES_AGGRESSIVE;
				CLANG_WARN_UNREACHABLE_CODE = YES;
				CLANG_WARN__DUPLICATE_METHOD_MATCH = YES;
				COPY_PHASE_STRIP = NO;
				DEBUG_INFORMATION_FORMAT = "dwarf-with-dsym";
				ENABLE_NS_ASSERTIONS = NO;
				ENABLE_STRICT_OBJC_MSGSEND = YES;
				GCC_C_LANGUAGE_STANDARD = gnu11;
				GCC_NO_COMMON_BLOCKS = YES;
				GCC_WARN_64_TO_32_BIT_CONVERSION = YES;
				GCC_WARN_ABOUT_RETURN_TYPE = YES_ERROR;
				GCC_WARN_UNDECLARED_SELECTOR = YES;
				GCC_WARN_UNINITIALIZED_AUTOS = YES_AGGRESSIVE;
				GCC_WARN_UNUSED_FUNCTION = YES;
				GCC_WARN_UNUSED_VARIABLE = YES;
				IPHONEOS_DEPLOYMENT_TARGET = 13.0;
				MTL_ENABLE_DEBUG_INFO = NO;
				MTL_FAST_MATH = YES;
				SDKROOT = iphoneos;
				SWIFT_COMPILATION_MODE = wholemodule;
				SWIFT_OPTIMIZATION_LEVEL = "-O";
				VALIDATE_PRODUCT = YES;
			};
			name = Release;
		};
		A1EF114A231E6FC300908FC5 /* Debug */ = {
			isa = XCBuildConfiguration;
			buildSettings = {
				ASSETCATALOG_COMPILER_APPICON_NAME = AppIcon;
				CODE_SIGN_STYLE = Automatic;
				DEVELOPMENT_ASSET_PATHS = "\"SwiftUIViewTextStack/Preview Content\"";
				DEVELOPMENT_TEAM = R252PR8AVU;
				ENABLE_PREVIEWS = YES;
				INFOPLIST_FILE = SwiftUIViewTextStack/Info.plist;
				LD_RUNPATH_SEARCH_PATHS = (
					"$(inherited)",
					"@executable_path/Frameworks",
				);
				PRODUCT_BUNDLE_IDENTIFIER = com.rebeloper.SwiftUIViewTextStack;
				PRODUCT_NAME = "$(TARGET_NAME)";
				SWIFT_VERSION = 5.0;
				TARGETED_DEVICE_FAMILY = "1,2";
			};
			name = Debug;
		};
		A1EF114B231E6FC300908FC5 /* Release */ = {
			isa = XCBuildConfiguration;
			buildSettings = {
				ASSETCATALOG_COMPILER_APPICON_NAME = AppIcon;
				CODE_SIGN_STYLE = Automatic;
				DEVELOPMENT_ASSET_PATHS = "\"SwiftUIViewTextStack/Preview Content\"";
				DEVELOPMENT_TEAM = R252PR8AVU;
				ENABLE_PREVIEWS = YES;
				INFOPLIST_FILE = SwiftUIViewTextStack/Info.plist;
				LD_RUNPATH_SEARCH_PATHS = (
					"$(inherited)",
					"@executable_path/Frameworks",
				);
				PRODUCT_BUNDLE_IDENTIFIER = com.rebeloper.SwiftUIViewTextStack;
				PRODUCT_NAME = "$(TARGET_NAME)";
				SWIFT_VERSION = 5.0;
				TARGETED_DEVICE_FAMILY = "1,2";
			};
			name = Release;
		};
/* End XCBuildConfiguration section */

/* Begin XCConfigurationList section */
		A1EF1130231E6FBF00908FC5 /* Build configuration list for PBXProject "SwiftUIViewTextStack" */ = {
			isa = XCConfigurationList;
			buildConfigurations = (
				A1EF1147231E6FC300908FC5 /* Debug */,
				A1EF1148231E6FC300908FC5 /* Release */,
			);
			defaultConfigurationIsVisible = 0;
			defaultConfigurationName = Release;
		};
		A1EF1149231E6FC300908FC5 /* Build configuration list for PBXNativeTarget "SwiftUIViewTextStack" */ = {
			isa = XCConfigurationList;
			buildConfigurations = (
				A1EF114A231E6FC300908FC5 /* Debug */,
				A1EF114B231E6FC300908FC5 /* Release */,
			);
			defaultConfigurationIsVisible = 0;
			defaultConfigurationName = Release;
		};
/* End XCConfigurationList section */
	};
	rootObject = A1EF112D231E6FBF00908FC5 /* Project object */;
}
